// !$*UTF8*$!
{
	archiveVersion = 1;
	classes = {
	};
	objectVersion = 50;
	objects = {

/* Begin PBXBuildFile section */
		128C93F02471C4600097A784 /* AppDelegate.swift in Sources */ = {isa = PBXBuildFile; fileRef = 128C93EF2471C4600097A784 /* AppDelegate.swift */; };
		128C93F22471C4600097A784 /* SceneDelegate.swift in Sources */ = {isa = PBXBuildFile; fileRef = 128C93F12471C4600097A784 /* SceneDelegate.swift */; };
		128C93F52471C4600097A784 /* SwiftUICoreDataPOC.xcdatamodeld in Sources */ = {isa = PBXBuildFile; fileRef = 128C93F32471C4600097A784 /* SwiftUICoreDataPOC.xcdatamodeld */; };
		128C93F72471C4600097A784 /* ContentView.swift in Sources */ = {isa = PBXBuildFile; fileRef = 128C93F62471C4600097A784 /* ContentView.swift */; };
		128C93F92471C4690097A784 /* Assets.xcassets in Resources */ = {isa = PBXBuildFile; fileRef = 128C93F82471C4690097A784 /* Assets.xcassets */; };
		128C93FC2471C4690097A784 /* Preview Assets.xcassets in Resources */ = {isa = PBXBuildFile; fileRef = 128C93FB2471C4690097A784 /* Preview Assets.xcassets */; };
		128C93FF2471C4690097A784 /* LaunchScreen.storyboard in Resources */ = {isa = PBXBuildFile; fileRef = 128C93FD2471C4690097A784 /* LaunchScreen.storyboard */; };
		128C94072471C5530097A784 /* TodoItem.swift in Sources */ = {isa = PBXBuildFile; fileRef = 128C94062471C5530097A784 /* TodoItem.swift */; };
		128C940B2471D2510097A784 /* ToDoItemView.swift in Sources */ = {isa = PBXBuildFile; fileRef = 128C940A2471D2510097A784 /* ToDoItemView.swift */; };
/* End PBXBuildFile section */

/* Begin PBXFileReference section */
		128C93EC2471C4600097A784 /* SwiftUICoreDataPOC.app */ = {isa = PBXFileReference; explicitFileType = wrapper.application; includeInIndex = 0; path = SwiftUICoreDataPOC.app; sourceTree = BUILT_PRODUCTS_DIR; };
		128C93EF2471C4600097A784 /* AppDelegate.swift */ = {isa = PBXFileReference; lastKnownFileType = sourcecode.swift; path = AppDelegate.swift; sourceTree = "<group>"; };
		128C93F12471C4600097A784 /* SceneDelegate.swift */ = {isa = PBXFileReference; lastKnownFileType = sourcecode.swift; path = SceneDelegate.swift; sourceTree = "<group>"; };
		128C93F42471C4600097A784 /* SwiftUICoreDataPOC.xcdatamodel */ = {isa = PBXFileReference; lastKnownFileType = wrapper.xcdatamodel; path = SwiftUICoreDataPOC.xcdatamodel; sourceTree = "<group>"; };
		128C93F62471C4600097A784 /* ContentView.swift */ = {isa = PBXFileReference; lastKnownFileType = sourcecode.swift; path = ContentView.swift; sourceTree = "<group>"; };
		128C93F82471C4690097A784 /* Assets.xcassets */ = {isa = PBXFileReference; lastKnownFileType = folder.assetcatalog; path = Assets.xcassets; sourceTree = "<group>"; };
		128C93FB2471C4690097A784 /* Preview Assets.xcassets */ = {isa = PBXFileReference; lastKnownFileType = folder.assetcatalog; path = "Preview Assets.xcassets"; sourceTree = "<group>"; };
		128C93FE2471C4690097A784 /* Base */ = {isa = PBXFileReference; lastKnownFileType = file.storyboard; name = Base; path = Base.lproj/LaunchScreen.storyboard; sourceTree = "<group>"; };
		128C94002471C4690097A784 /* Info.plist */ = {isa = PBXFileReference; lastKnownFileType = text.plist.xml; path = Info.plist; sourceTree = "<group>"; };
		128C94062471C5530097A784 /* TodoItem.swift */ = {isa = PBXFileReference; lastKnownFileType = sourcecode.swift; path = TodoItem.swift; sourceTree = "<group>"; };
		128C940A2471D2510097A784 /* ToDoItemView.swift */ = {isa = PBXFileReference; lastKnownFileType = sourcecode.swift; path = ToDoItemView.swift; sourceTree = "<group>"; };
/* End PBXFileReference section */

/* Begin PBXFrameworksBuildPhase section */
		128C93E92471C4600097A784 /* Frameworks */ = {
			isa = PBXFrameworksBuildPhase;
			buildActionMask = 2147483647;
			files = (
			);
			runOnlyForDeploymentPostprocessing = 0;
		};
/* End PBXFrameworksBuildPhase section */

/* Begin PBXGroup section */
		128C93E32471C4600097A784 = {
			isa = PBXGroup;
			children = (
				128C93EE2471C4600097A784 /* SwiftUICoreDataPOC */,
				128C93ED2471C4600097A784 /* Products */,
			);
			sourceTree = "<group>";
		};
		128C93ED2471C4600097A784 /* Products */ = {
			isa = PBXGroup;
			children = (
				128C93EC2471C4600097A784 /* SwiftUICoreDataPOC.app */,
			);
			name = Products;
			sourceTree = "<group>";
		};
		128C93EE2471C4600097A784 /* SwiftUICoreDataPOC */ = {
			isa = PBXGroup;
			children = (
				128C93EF2471C4600097A784 /* AppDelegate.swift */,
				128C93F12471C4600097A784 /* SceneDelegate.swift */,
				128C93F62471C4600097A784 /* ContentView.swift */,
				128C93F82471C4690097A784 /* Assets.xcassets */,
				128C93FD2471C4690097A784 /* LaunchScreen.storyboard */,
				128C94002471C4690097A784 /* Info.plist */,
				128C93F32471C4600097A784 /* SwiftUICoreDataPOC.xcdatamodeld */,
				128C93FA2471C4690097A784 /* Preview Content */,
				128C94062471C5530097A784 /* TodoItem.swift */,
				128C940A2471D2510097A784 /* ToDoItemView.swift */,
			);
			path = SwiftUICoreDataPOC;
			sourceTree = "<group>";
		};
		128C93FA2471C4690097A784 /* Preview Content */ = {
			isa = PBXGroup;
			children = (
				128C93FB2471C4690097A784 /* Preview Assets.xcassets */,
			);
			path = "Preview Content";
			sourceTree = "<group>";
		};
/* End PBXGroup section */

/* Begin PBXNativeTarget section */
		128C93EB2471C4600097A784 /* SwiftUICoreDataPOC */ = {
			isa = PBXNativeTarget;
			buildConfigurationList = 128C94032471C4690097A784 /* Build configuration list for PBXNativeTarget "SwiftUICoreDataPOC" */;
			buildPhases = (
				128C93E82471C4600097A784 /* Sources */,
				128C93E92471C4600097A784 /* Frameworks */,
				128C93EA2471C4600097A784 /* Resources */,
			);
			buildRules = (
			);
			dependencies = (
			);
			name = SwiftUICoreDataPOC;
			productName = SwiftUICoreDataPOC;
			productReference = 128C93EC2471C4600097A784 /* SwiftUICoreDataPOC.app */;
			productType = "com.apple.product-type.application";
		};
/* End PBXNativeTarget section */

/* Begin PBXProject section */
		128C93E42471C4600097A784 /* Project object */ = {
			isa = PBXProject;
			attributes = {
				LastSwiftUpdateCheck = 1140;
				LastUpgradeCheck = 1140;
				ORGANIZATIONNAME = Djubo;
				TargetAttributes = {
					128C93EB2471C4600097A784 = {
						CreatedOnToolsVersion = 11.4.1;
					};
				};
			};
			buildConfigurationList = 128C93E72471C4600097A784 /* Build configuration list for PBXProject "SwiftUICoreDataPOC" */;
			compatibilityVersion = "Xcode 9.3";
			developmentRegion = en;
			hasScannedForEncodings = 0;
			knownRegions = (
				en,
				Base,
			);
			mainGroup = 128C93E32471C4600097A784;
			productRefGroup = 128C93ED2471C4600097A784 /* Products */;
			projectDirPath = "";
			projectRoot = "";
			targets = (
				128C93EB2471C4600097A784 /* SwiftUICoreDataPOC */,
			);
		};
/* End PBXProject section */

/* Begin PBXResourcesBuildPhase section */
		128C93EA2471C4600097A784 /* Resources */ = {
			isa = PBXResourcesBuildPhase;
			buildActionMask = 2147483647;
			files = (
				128C93FF2471C4690097A784 /* LaunchScreen.storyboard in Resources */,
				128C93FC2471C4690097A784 /* Preview Assets.xcassets in Resources */,
				128C93F92471C4690097A784 /* Assets.xcassets in Resources */,
			);
			runOnlyForDeploymentPostprocessing = 0;
		};
/* End PBXResourcesBuildPhase section */

/* Begin PBXSourcesBuildPhase section */
		128C93E82471C4600097A784 /* Sources */ = {
			isa = PBXSourcesBuildPhase;
			buildActionMask = 2147483647;
			files = (
				128C94072471C5530097A784 /* TodoItem.swift in Sources */,
				128C940B2471D2510097A784 /* ToDoItemView.swift in Sources */,
				128C93F52471C4600097A784 /* SwiftUICoreDataPOC.xcdatamodeld in Sources */,
				128C93F02471C4600097A784 /* AppDelegate.swift in Sources */,
				128C93F72471C4600097A784 /* ContentView.swift in Sources */,
				128C93F22471C4600097A784 /* SceneDelegate.swift in Sources */,
			);
			runOnlyForDeploymentPostprocessing = 0;
		};
/* End PBXSourcesBuildPhase section */

/* Begin PBXVariantGroup section */
		128C93FD2471C4690097A784 /* LaunchScreen.storyboard */ = {
			isa = PBXVariantGroup;
			children = (
				128C93FE2471C4690097A784 /* Base */,
			);
			name = LaunchScreen.storyboard;
			sourceTree = "<group>";
		};
/* End PBXVariantGroup section */

/* Begin XCBuildConfiguration section */
		128C94012471C4690097A784 /* Debug */ = {
			isa = XCBuildConfiguration;
			buildSettings = {
				ALWAYS_SEARCH_USER_PATHS = NO;
				CLANG_ANALYZER_NONNULL = YES;
				CLANG_ANALYZER_NUMBER_OBJECT_CONVERSION = YES_AGGRESSIVE;
				CLANG_CXX_LANGUAGE_STANDARD = "gnu++14";
				CLANG_CXX_LIBRARY = "libc++";
				CLANG_ENABLE_MODULES = YES;
				CLANG_ENABLE_OBJC_ARC = YES;
				CLANG_ENABLE_OBJC_WEAK = YES;
				CLANG_WARN_BLOCK_CAPTURE_AUTORELEASING = YES;
				CLANG_WARN_BOOL_CONVERSION = YES;
				CLANG_WARN_COMMA = YES;
				CLANG_WARN_CONSTANT_CONVERSION = YES;
				CLANG_WARN_DEPRECATED_OBJC_IMPLEMENTATIONS = YES;
				CLANG_WARN_DIRECT_OBJC_ISA_USAGE = YES_ERROR;
				CLANG_WARN_DOCUMENTATION_COMMENTS = YES;
				CLANG_WARN_EMPTY_BODY = YES;
				CLANG_WARN_ENUM_CONVERSION = YES;
				CLANG_WARN_INFINITE_RECURSION = YES;
				CLANG_WARN_INT_CONVERSION = YES;
				CLANG_WARN_NON_LITERAL_NULL_CONVERSION = YES;
				CLANG_WARN_OBJC_IMPLICIT_RETAIN_SELF = YES;
				CLANG_WARN_OBJC_LITERAL_CONVERSION = YES;
				CLANG_WARN_OBJC_ROOT_CLASS = YES_ERROR;
				CLANG_WARN_RANGE_LOOP_ANALYSIS = YES;
				CLANG_WARN_STRICT_PROTOTYPES = YES;
				CLANG_WARN_SUSPICIOUS_MOVE = YES;
				CLANG_WARN_UNGUARDED_AVAILABILITY = YES_AGGRESSIVE;
				CLANG_WARN_UNREACHABLE_CODE = YES;
				CLANG_WARN__DUPLICATE_METHOD_MATCH = YES;
				COPY_PHASE_STRIP = NO;
				DEBUG_INFORMATION_FORMAT = dwarf;
				ENABLE_STRICT_OBJC_MSGSEND = YES;
				ENABLE_TESTABILITY = YES;
				GCC_C_LANGUAGE_STANDARD = gnu11;
				GCC_DYNAMIC_NO_PIC = NO;
				GCC_NO_COMMON_BLOCKS = YES;
				GCC_OPTIMIZATION_LEVEL = 0;
				GCC_PREPROCESSOR_DEFINITIONS = (
					"DEBUG=1",
					"$(inherited)",
				);
				GCC_WARN_64_TO_32_BIT_CONVERSION = YES;
				GCC_WARN_ABOUT_RETURN_TYPE = YES_ERROR;
				GCC_WARN_UNDECLARED_SELECTOR = YES;
				GCC_WARN_UNINITIALIZED_AUTOS = YES_AGGRESSIVE;
				GCC_WARN_UNUSED_FUNCTION = YES;
				GCC_WARN_UNUSED_VARIABLE = YES;
				IPHONEOS_DEPLOYMENT_TARGET = 13.4;
				MTL_ENABLE_DEBUG_INFO = INCLUDE_SOURCE;
				MTL_FAST_MATH = YES;
				ONLY_ACTIVE_ARCH = YES;
				SDKROOT = iphoneos;
				SWIFT_ACTIVE_COMPILATION_CONDITIONS = DEBUG;
				SWIFT_OPTIMIZATION_LEVEL = "-Onone";
			};
			name = Debug;
		};
		128C94022471C4690097A784 /* Release */ = {
			isa = XCBuildConfiguration;
			buildSettings = {
				ALWAYS_SEARCH_USER_PATHS = NO;
				CLANG_ANALYZER_NONNULL = YES;
				CLANG_ANALYZER_NUMBER_OBJECT_CONVERSION = YES_AGGRESSIVE;
				CLANG_CXX_LANGUAGE_STANDARD = "gnu++14";
				CLANG_CXX_LIBRARY = "libc++";
				CLANG_ENABLE_MODULES = YES;
				CLANG_ENABLE_OBJC_ARC = YES;
				CLANG_ENABLE_OBJC_WEAK = YES;
				CLANG_WARN_BLOCK_CAPTURE_AUTORELEASING = YES;
				CLANG_WARN_BOOL_CONVERSION = YES;
				CLANG_WARN_COMMA = YES;
				CLANG_WARN_CONSTANT_CONVERSION = YES;
				CLANG_WARN_DEPRECATED_OBJC_IMPLEMENTATIONS = YES;
				CLANG_WARN_DIRECT_OBJC_ISA_USAGE = YES_ERROR;
				CLANG_WARN_DOCUMENTATION_COMMENTS = YES;
				CLANG_WARN_EMPTY_BODY = YES;
				CLANG_WARN_ENUM_CONVERSION = YES;
				CLANG_WARN_INFINITE_RECURSION = YES;
				CLANG_WARN_INT_CONVERSION = YES;
				CLANG_WARN_NON_LITERAL_NULL_CONVERSION = YES;
				CLANG_WARN_OBJC_IMPLICIT_RETAIN_SELF = YES;
				CLANG_WARN_OBJC_LITERAL_CONVERSION = YES;
				CLANG_WARN_OBJC_ROOT_CLASS = YES_ERROR;
				CLANG_WARN_RANGE_LOOP_ANALYSIS = YES;
				CLANG_WARN_STRICT_PROTOTYPES = YES;
				CLANG_WARN_SUSPICIOUS_MOVE = YES;
				CLANG_WARN_UNGUARDED_AVAILABILITY = YES_AGGRESSIVE;
				CLANG_WARN_UNREACHABLE_CODE = YES;
				CLANG_WARN__DUPLICATE_METHOD_MATCH = YES;
				COPY_PHASE_STRIP = NO;
				DEBUG_INFORMATION_FORMAT = "dwarf-with-dsym";
				ENABLE_NS_ASSERTIONS = NO;
				ENABLE_STRICT_OBJC_MSGSEND = YES;
				GCC_C_LANGUAGE_STANDARD = gnu11;
				GCC_NO_COMMON_BLOCKS = YES;
				GCC_WARN_64_TO_32_BIT_CONVERSION = YES;
				GCC_WARN_ABOUT_RETURN_TYPE = YES_ERROR;
				GCC_WARN_UNDECLARED_SELECTOR = YES;
				GCC_WARN_UNINITIALIZED_AUTOS = YES_AGGRESSIVE;
				GCC_WARN_UNUSED_FUNCTION = YES;
				GCC_WARN_UNUSED_VARIABLE = YES;
				IPHONEOS_DEPLOYMENT_TARGET = 13.4;
				MTL_ENABLE_DEBUG_INFO = NO;
				MTL_FAST_MATH = YES;
				SDKROOT = iphoneos;
				SWIFT_COMPILATION_MODE = wholemodule;
				SWIFT_OPTIMIZATION_LEVEL = "-O";
				VALIDATE_PRODUCT = YES;
			};
			name = Release;
		};
		128C94042471C4690097A784 /* Debug */ = {
			isa = XCBuildConfiguration;
			buildSettings = {
				ASSETCATALOG_COMPILER_APPICON_NAME = AppIcon;
				CODE_SIGN_STYLE = Automatic;
				DEVELOPMENT_ASSET_PATHS = "\"SwiftUICoreDataPOC/Preview Content\"";
				DEVELOPMENT_TEAM = 6V53H22ULZ;
				ENABLE_PREVIEWS = YES;
				INFOPLIST_FILE = SwiftUICoreDataPOC/Info.plist;
				LD_RUNPATH_SEARCH_PATHS = (
					"$(inherited)",
					"@executable_path/Frameworks",
				);
				PRODUCT_BUNDLE_IDENTIFIER = com.djubo.SwiftUICoreDataPOC;
				PRODUCT_NAME = "$(TARGET_NAME)";
				SWIFT_VERSION = 5.0;
				TARGETED_DEVICE_FAMILY = "1,2";
			};
			name = Debug;
		};
		128C94052471C4690097A784 /* Release */ = {
			isa = XCBuildConfiguration;
			buildSettings = {
				ASSETCATALOG_COMPILER_APPICON_NAME = AppIcon;
				CODE_SIGN_STYLE = Automatic;
				DEVELOPMENT_ASSET_PATHS = "\"SwiftUICoreDataPOC/Preview Content\"";
				DEVELOPMENT_TEAM = 6V53H22ULZ;
				ENABLE_PREVIEWS = YES;
				INFOPLIST_FILE = SwiftUICoreDataPOC/Info.plist;
				LD_RUNPATH_SEARCH_PATHS = (
					"$(inherited)",
					"@executable_path/Frameworks",
				);
				PRODUCT_BUNDLE_IDENTIFIER = com.djubo.SwiftUICoreDataPOC;
				PRODUCT_NAME = "$(TARGET_NAME)";
				SWIFT_VERSION = 5.0;
				TARGETED_DEVICE_FAMILY = "1,2";
			};
			name = Release;
		};
/* End XCBuildConfiguration section */

/* Begin XCConfigurationList section */
		128C93E72471C4600097A784 /* Build configuration list for PBXProject "SwiftUICoreDataPOC" */ = {
			isa = XCConfigurationList;
			buildConfigurations = (
				128C94012471C4690097A784 /* Debug */,
				128C94022471C4690097A784 /* Release */,
			);
			defaultConfigurationIsVisible = 0;
			defaultConfigurationName = Release;
		};
		128C94032471C4690097A784 /* Build configuration list for PBXNativeTarget "SwiftUICoreDataPOC" */ = {
			isa = XCConfigurationList;
			buildConfigurations = (
				128C94042471C4690097A784 /* Debug */,
				128C94052471C4690097A784 /* Release */,
			);
			defaultConfigurationIsVisible = 0;
			defaultConfigurationName = Release;
		};
/* End XCConfigurationList section */

/* Begin XCVersionGroup section */
		128C93F32471C4600097A784 /* SwiftUICoreDataPOC.xcdatamodeld */ = {
			isa = XCVersionGroup;
			children = (
				128C93F42471C4600097A784 /* SwiftUICoreDataPOC.xcdatamodel */,
			);
			currentVersion = 128C93F42471C4600097A784 /* SwiftUICoreDataPOC.xcdatamodel */;
			path = SwiftUICoreDataPOC.xcdatamodeld;
			sourceTree = "<group>";
			versionGroupType = wrapper.xcdatamodel;
		};
/* End XCVersionGroup section */
	};
	rootObject = 128C93E42471C4600097A784 /* Project object */;
}
